
Microsoft Visual Studio Solution File, Format Version 12.00
Project("{FAE04EC0-301F-11D3-BF4B-00C04F79EFBC}") = "Exercice3_Personnage", "Exercice3_Personnage.csproj", "{0F5BD723-04E2-41A8-B26C-920F0F85F178}"
EndProject
Global
	GlobalSection(SolutionConfigurationPlatforms) = preSolution
		Debug|Any CPU = Debug|Any CPU
		Release|Any CPU = Release|Any CPU
	EndGlobalSection
	GlobalSection(ProjectConfigurationPlatforms) = postSolution
		{0F5BD723-04E2-41A8-B26C-920F0F85F178}.Debug|Any CPU.ActiveCfg = Debug|Any CPU
		{0F5BD723-04E2-41A8-B26C-920F0F85F178}.Debug|Any CPU.Build.0 = Debug|Any CPU
		{0F5BD723-04E2-41A8-B26C-920F0F85F178}.Release|Any CPU.ActiveCfg = Release|Any CPU
		{0F5BD723-04E2-41A8-B26C-920F0F85F178}.Release|Any CPU.Build.0 = Release|Any CPU
	EndGlobalSection
EndGlobal
