
Microsoft Visual Studio Solution File, Format Version 12.00
Project("{FAE04EC0-301F-11D3-BF4B-00C04F79EFBC}") = "Exercice5_Personnage", "Exercice5_Personnage.csproj", "{D0C2AA69-4894-4107-BF40-FE2A3D678060}"
EndProject
Global
	GlobalSection(SolutionConfigurationPlatforms) = preSolution
		Debug|Any CPU = Debug|Any CPU
		Release|Any CPU = Release|Any CPU
	EndGlobalSection
	GlobalSection(ProjectConfigurationPlatforms) = postSolution
		{D0C2AA69-4894-4107-BF40-FE2A3D678060}.Debug|Any CPU.ActiveCfg = Debug|Any CPU
		{D0C2AA69-4894-4107-BF40-FE2A3D678060}.Debug|Any CPU.Build.0 = Debug|Any CPU
		{D0C2AA69-4894-4107-BF40-FE2A3D678060}.Release|Any CPU.ActiveCfg = Release|Any CPU
		{D0C2AA69-4894-4107-BF40-FE2A3D678060}.Release|Any CPU.Build.0 = Release|Any CPU
	EndGlobalSection
EndGlobal
